// !$*UTF8*$!
{
	archiveVersion = 1;
	classes = {
	};
	objectVersion = 56;
	objects = {

/* Begin PBXBuildFile section */
		840B4927297181BB00661857 /* AppDelegate.swift in Sources */ = {isa = PBXBuildFile; fileRef = 840B4926297181BB00661857 /* AppDelegate.swift */; };
		840B4929297181BB00661857 /* SceneDelegate.swift in Sources */ = {isa = PBXBuildFile; fileRef = 840B4928297181BB00661857 /* SceneDelegate.swift */; };
		840B492B297181BB00661857 /* AlternativeVC.swift in Sources */ = {isa = PBXBuildFile; fileRef = 840B492A297181BB00661857 /* AlternativeVC.swift */; };
		840B492E297181BB00661857 /* Main.storyboard in Resources */ = {isa = PBXBuildFile; fileRef = 840B492C297181BB00661857 /* Main.storyboard */; };
		840B4930297181BC00661857 /* Assets.xcassets in Resources */ = {isa = PBXBuildFile; fileRef = 840B492F297181BC00661857 /* Assets.xcassets */; };
		840B4933297181BC00661857 /* LaunchScreen.storyboard in Resources */ = {isa = PBXBuildFile; fileRef = 840B4931297181BC00661857 /* LaunchScreen.storyboard */; };
		84C72C502972E95A00BFF510 /* CustomTableViewCell.swift in Sources */ = {isa = PBXBuildFile; fileRef = 84C72C4E2972E95A00BFF510 /* CustomTableViewCell.swift */; };
		84C72C512972E95A00BFF510 /* CustomTableViewCell.xib in Resources */ = {isa = PBXBuildFile; fileRef = 84C72C4F2972E95A00BFF510 /* CustomTableViewCell.xib */; };
		84C72C532972EEBA00BFF510 /* Product.swift in Sources */ = {isa = PBXBuildFile; fileRef = 84C72C522972EEBA00BFF510 /* Product.swift */; };
		84C72C562973061100BFF510 /* MainVC.swift in Sources */ = {isa = PBXBuildFile; fileRef = 84C72C552973061100BFF510 /* MainVC.swift */; };
/* End PBXBuildFile section */

/* Begin PBXFileReference section */
		840B4923297181BB00661857 /* TechMasters-Homework3.app */ = {isa = PBXFileReference; explicitFileType = wrapper.application; includeInIndex = 0; path = "TechMasters-Homework3.app"; sourceTree = BUILT_PRODUCTS_DIR; };
		840B4926297181BB00661857 /* AppDelegate.swift */ = {isa = PBXFileReference; lastKnownFileType = sourcecode.swift; path = AppDelegate.swift; sourceTree = "<group>"; };
		840B4928297181BB00661857 /* SceneDelegate.swift */ = {isa = PBXFileReference; lastKnownFileType = sourcecode.swift; path = SceneDelegate.swift; sourceTree = "<group>"; };
		840B492A297181BB00661857 /* AlternativeVC.swift */ = {isa = PBXFileReference; lastKnownFileType = sourcecode.swift; path = AlternativeVC.swift; sourceTree = "<group>"; };
		840B492D297181BB00661857 /* Base */ = {isa = PBXFileReference; lastKnownFileType = file.storyboard; name = Base; path = Base.lproj/Main.storyboard; sourceTree = "<group>"; };
		840B492F297181BC00661857 /* Assets.xcassets */ = {isa = PBXFileReference; lastKnownFileType = folder.assetcatalog; path = Assets.xcassets; sourceTree = "<group>"; };
		840B4932297181BC00661857 /* Base */ = {isa = PBXFileReference; lastKnownFileType = file.storyboard; name = Base; path = Base.lproj/LaunchScreen.storyboard; sourceTree = "<group>"; };
		840B4934297181BC00661857 /* Info.plist */ = {isa = PBXFileReference; lastKnownFileType = text.plist.xml; path = Info.plist; sourceTree = "<group>"; };
		84C72C4E2972E95A00BFF510 /* CustomTableViewCell.swift */ = {isa = PBXFileReference; lastKnownFileType = sourcecode.swift; path = CustomTableViewCell.swift; sourceTree = "<group>"; };
		84C72C4F2972E95A00BFF510 /* CustomTableViewCell.xib */ = {isa = PBXFileReference; lastKnownFileType = file.xib; path = CustomTableViewCell.xib; sourceTree = "<group>"; };
		84C72C522972EEBA00BFF510 /* Product.swift */ = {isa = PBXFileReference; lastKnownFileType = sourcecode.swift; path = Product.swift; sourceTree = "<group>"; };
		84C72C552973061100BFF510 /* MainVC.swift */ = {isa = PBXFileReference; lastKnownFileType = sourcecode.swift; path = MainVC.swift; sourceTree = "<group>"; };
		84C72C5729730F0700BFF510 /* tr */ = {isa = PBXFileReference; lastKnownFileType = text.plist.strings; name = tr; path = tr.lproj/Main.strings; sourceTree = "<group>"; };
		84C72C5829730F0700BFF510 /* tr */ = {isa = PBXFileReference; lastKnownFileType = text.plist.strings; name = tr; path = tr.lproj/LaunchScreen.strings; sourceTree = "<group>"; };
/* End PBXFileReference section */

/* Begin PBXFrameworksBuildPhase section */
		840B4920297181BB00661857 /* Frameworks */ = {
			isa = PBXFrameworksBuildPhase;
			buildActionMask = 2147483647;
			files = (
			);
			runOnlyForDeploymentPostprocessing = 0;
		};
/* End PBXFrameworksBuildPhase section */

/* Begin PBXGroup section */
		840B491A297181BB00661857 = {
			isa = PBXGroup;
			children = (
				840B4925297181BB00661857 /* TechMasters-Homework3 */,
				840B4924297181BB00661857 /* Products */,
			);
			sourceTree = "<group>";
		};
		840B4924297181BB00661857 /* Products */ = {
			isa = PBXGroup;
			children = (
				840B4923297181BB00661857 /* TechMasters-Homework3.app */,
			);
			name = Products;
			sourceTree = "<group>";
		};
		840B4925297181BB00661857 /* TechMasters-Homework3 */ = {
			isa = PBXGroup;
			children = (
				840B4926297181BB00661857 /* AppDelegate.swift */,
				840B4928297181BB00661857 /* SceneDelegate.swift */,
				84C72C542972EEBD00BFF510 /* Model */,
				84C72C4C2972E63100BFF510 /* View */,
				84C72C4D2972E64600BFF510 /* Controller */,
				840B492F297181BC00661857 /* Assets.xcassets */,
				840B4931297181BC00661857 /* LaunchScreen.storyboard */,
				840B4934297181BC00661857 /* Info.plist */,
			);
			path = "TechMasters-Homework3";
			sourceTree = "<group>";
		};
		84C72C4C2972E63100BFF510 /* View */ = {
			isa = PBXGroup;
			children = (
				840B492C297181BB00661857 /* Main.storyboard */,
				84C72C4E2972E95A00BFF510 /* CustomTableViewCell.swift */,
				84C72C4F2972E95A00BFF510 /* CustomTableViewCell.xib */,
			);
			path = View;
			sourceTree = "<group>";
		};
		84C72C4D2972E64600BFF510 /* Controller */ = {
			isa = PBXGroup;
			children = (
				84C72C552973061100BFF510 /* MainVC.swift */,
				840B492A297181BB00661857 /* AlternativeVC.swift */,
			);
			path = Controller;
			sourceTree = "<group>";
		};
		84C72C542972EEBD00BFF510 /* Model */ = {
			isa = PBXGroup;
			children = (
				84C72C522972EEBA00BFF510 /* Product.swift */,
			);
			path = Model;
			sourceTree = "<group>";
		};
/* End PBXGroup section */

/* Begin PBXNativeTarget section */
		840B4922297181BB00661857 /* TechMasters-Homework3 */ = {
			isa = PBXNativeTarget;
			buildConfigurationList = 840B4937297181BC00661857 /* Build configuration list for PBXNativeTarget "TechMasters-Homework3" */;
			buildPhases = (
				840B491F297181BB00661857 /* Sources */,
				840B4920297181BB00661857 /* Frameworks */,
				840B4921297181BB00661857 /* Resources */,
			);
			buildRules = (
			);
			dependencies = (
			);
			name = "TechMasters-Homework3";
			productName = "TechMasters-Homework3";
			productReference = 840B4923297181BB00661857 /* TechMasters-Homework3.app */;
			productType = "com.apple.product-type.application";
		};
/* End PBXNativeTarget section */

/* Begin PBXProject section */
		840B491B297181BB00661857 /* Project object */ = {
			isa = PBXProject;
			attributes = {
				BuildIndependentTargetsInParallel = 1;
				LastSwiftUpdateCheck = 1420;
				LastUpgradeCheck = 1420;
				TargetAttributes = {
					840B4922297181BB00661857 = {
						CreatedOnToolsVersion = 14.2;
					};
				};
			};
			buildConfigurationList = 840B491E297181BB00661857 /* Build configuration list for PBXProject "TechMasters-Homework3" */;
			compatibilityVersion = "Xcode 14.0";
			developmentRegion = en;
			hasScannedForEncodings = 0;
			knownRegions = (
				en,
				Base,
				tr,
			);
			mainGroup = 840B491A297181BB00661857;
			productRefGroup = 840B4924297181BB00661857 /* Products */;
			projectDirPath = "";
			projectRoot = "";
			targets = (
				840B4922297181BB00661857 /* TechMasters-Homework3 */,
			);
		};
/* End PBXProject section */

/* Begin PBXResourcesBuildPhase section */
		840B4921297181BB00661857 /* Resources */ = {
			isa = PBXResourcesBuildPhase;
			buildActionMask = 2147483647;
			files = (
				840B4933297181BC00661857 /* LaunchScreen.storyboard in Resources */,
				840B4930297181BC00661857 /* Assets.xcassets in Resources */,
				84C72C512972E95A00BFF510 /* CustomTableViewCell.xib in Resources */,
				840B492E297181BB00661857 /* Main.storyboard in Resources */,
			);
			runOnlyForDeploymentPostprocessing = 0;
		};
/* End PBXResourcesBuildPhase section */

/* Begin PBXSourcesBuildPhase section */
		840B491F297181BB00661857 /* Sources */ = {
			isa = PBXSourcesBuildPhase;
			buildActionMask = 2147483647;
			files = (
				840B492B297181BB00661857 /* AlternativeVC.swift in Sources */,
				84C72C562973061100BFF510 /* MainVC.swift in Sources */,
				84C72C502972E95A00BFF510 /* CustomTableViewCell.swift in Sources */,
				84C72C532972EEBA00BFF510 /* Product.swift in Sources */,
				840B4927297181BB00661857 /* AppDelegate.swift in Sources */,
				840B4929297181BB00661857 /* SceneDelegate.swift in Sources */,
			);
			runOnlyForDeploymentPostprocessing = 0;
		};
/* End PBXSourcesBuildPhase section */

/* Begin PBXVariantGroup section */
		840B492C297181BB00661857 /* Main.storyboard */ = {
			isa = PBXVariantGroup;
			children = (
				840B492D297181BB00661857 /* Base */,
				84C72C5729730F0700BFF510 /* tr */,
			);
			name = Main.storyboard;
			sourceTree = "<group>";
		};
		840B4931297181BC00661857 /* LaunchScreen.storyboard */ = {
			isa = PBXVariantGroup;
			children = (
				840B4932297181BC00661857 /* Base */,
				84C72C5829730F0700BFF510 /* tr */,
			);
			name = LaunchScreen.storyboard;
			sourceTree = "<group>";
		};
/* End PBXVariantGroup section */

/* Begin XCBuildConfiguration section */
		840B4935297181BC00661857 /* Debug */ = {
			isa = XCBuildConfiguration;
			buildSettings = {
				ALWAYS_SEARCH_USER_PATHS = NO;
				CLANG_ANALYZER_LOCALIZABILITY_NONLOCALIZED = YES;
				CLANG_ANALYZER_NONNULL = YES;
				CLANG_ANALYZER_NUMBER_OBJECT_CONVERSION = YES_AGGRESSIVE;
				CLANG_CXX_LANGUAGE_STANDARD = "gnu++20";
				CLANG_ENABLE_MODULES = YES;
				CLANG_ENABLE_OBJC_ARC = YES;
				CLANG_ENABLE_OBJC_WEAK = YES;
				CLANG_WARN_BLOCK_CAPTURE_AUTORELEASING = YES;
				CLANG_WARN_BOOL_CONVERSION = YES;
				CLANG_WARN_COMMA = YES;
				CLANG_WARN_CONSTANT_CONVERSION = YES;
				CLANG_WARN_DEPRECATED_OBJC_IMPLEMENTATIONS = YES;
				CLANG_WARN_DIRECT_OBJC_ISA_USAGE = YES_ERROR;
				CLANG_WARN_DOCUMENTATION_COMMENTS = YES;
				CLANG_WARN_EMPTY_BODY = YES;
				CLANG_WARN_ENUM_CONVERSION = YES;
				CLANG_WARN_INFINITE_RECURSION = YES;
				CLANG_WARN_INT_CONVERSION = YES;
				CLANG_WARN_NON_LITERAL_NULL_CONVERSION = YES;
				CLANG_WARN_OBJC_IMPLICIT_RETAIN_SELF = YES;
				CLANG_WARN_OBJC_LITERAL_CONVERSION = YES;
				CLANG_WARN_OBJC_ROOT_CLASS = YES_ERROR;
				CLANG_WARN_QUOTED_INCLUDE_IN_FRAMEWORK_HEADER = YES;
				CLANG_WARN_RANGE_LOOP_ANALYSIS = YES;
				CLANG_WARN_STRICT_PROTOTYPES = YES;
				CLANG_WARN_SUSPICIOUS_MOVE = YES;
				CLANG_WARN_UNGUARDED_AVAILABILITY = YES_AGGRESSIVE;
				CLANG_WARN_UNREACHABLE_CODE = YES;
				CLANG_WARN__DUPLICATE_METHOD_MATCH = YES;
				COPY_PHASE_STRIP = NO;
				DEBUG_INFORMATION_FORMAT = dwarf;
				ENABLE_STRICT_OBJC_MSGSEND = YES;
				ENABLE_TESTABILITY = YES;
				GCC_C_LANGUAGE_STANDARD = gnu11;
				GCC_DYNAMIC_NO_PIC = NO;
				GCC_NO_COMMON_BLOCKS = YES;
				GCC_OPTIMIZATION_LEVEL = 0;
				GCC_PREPROCESSOR_DEFINITIONS = (
					"DEBUG=1",
					"$(inherited)",
				);
				GCC_WARN_64_TO_32_BIT_CONVERSION = YES;
				GCC_WARN_ABOUT_RETURN_TYPE = YES_ERROR;
				GCC_WARN_UNDECLARED_SELECTOR = YES;
				GCC_WARN_UNINITIALIZED_AUTOS = YES_AGGRESSIVE;
				GCC_WARN_UNUSED_FUNCTION = YES;
				GCC_WARN_UNUSED_VARIABLE = YES;
				IPHONEOS_DEPLOYMENT_TARGET = 16.2;
				MTL_ENABLE_DEBUG_INFO = INCLUDE_SOURCE;
				MTL_FAST_MATH = YES;
				ONLY_ACTIVE_ARCH = YES;
				SDKROOT = iphoneos;
				SWIFT_ACTIVE_COMPILATION_CONDITIONS = DEBUG;
				SWIFT_OPTIMIZATION_LEVEL = "-Onone";
			};
			name = Debug;
		};
		840B4936297181BC00661857 /* Release */ = {
			isa = XCBuildConfiguration;
			buildSettings = {
				ALWAYS_SEARCH_USER_PATHS = NO;
				CLANG_ANALYZER_LOCALIZABILITY_NONLOCALIZED = YES;
				CLANG_ANALYZER_NONNULL = YES;
				CLANG_ANALYZER_NUMBER_OBJECT_CONVERSION = YES_AGGRESSIVE;
				CLANG_CXX_LANGUAGE_STANDARD = "gnu++20";
				CLANG_ENABLE_MODULES = YES;
				CLANG_ENABLE_OBJC_ARC = YES;
				CLANG_ENABLE_OBJC_WEAK = YES;
				CLANG_WARN_BLOCK_CAPTURE_AUTORELEASING = YES;
				CLANG_WARN_BOOL_CONVERSION = YES;
				CLANG_WARN_COMMA = YES;
				CLANG_WARN_CONSTANT_CONVERSION = YES;
				CLANG_WARN_DEPRECATED_OBJC_IMPLEMENTATIONS = YES;
				CLANG_WARN_DIRECT_OBJC_ISA_USAGE = YES_ERROR;
				CLANG_WARN_DOCUMENTATION_COMMENTS = YES;
				CLANG_WARN_EMPTY_BODY = YES;
				CLANG_WARN_ENUM_CONVERSION = YES;
				CLANG_WARN_INFINITE_RECURSION = YES;
				CLANG_WARN_INT_CONVERSION = YES;
				CLANG_WARN_NON_LITERAL_NULL_CONVERSION = YES;
				CLANG_WARN_OBJC_IMPLICIT_RETAIN_SELF = YES;
				CLANG_WARN_OBJC_LITERAL_CONVERSION = YES;
				CLANG_WARN_OBJC_ROOT_CLASS = YES_ERROR;
				CLANG_WARN_QUOTED_INCLUDE_IN_FRAMEWORK_HEADER = YES;
				CLANG_WARN_RANGE_LOOP_ANALYSIS = YES;
				CLANG_WARN_STRICT_PROTOTYPES = YES;
				CLANG_WARN_SUSPICIOUS_MOVE = YES;
				CLANG_WARN_UNGUARDED_AVAILABILITY = YES_AGGRESSIVE;
				CLANG_WARN_UNREACHABLE_CODE = YES;
				CLANG_WARN__DUPLICATE_METHOD_MATCH = YES;
				COPY_PHASE_STRIP = NO;
				DEBUG_INFORMATION_FORMAT = "dwarf-with-dsym";
				ENABLE_NS_ASSERTIONS = NO;
				ENABLE_STRICT_OBJC_MSGSEND = YES;
				GCC_C_LANGUAGE_STANDARD = gnu11;
				GCC_NO_COMMON_BLOCKS = YES;
				GCC_WARN_64_TO_32_BIT_CONVERSION = YES;
				GCC_WARN_ABOUT_RETURN_TYPE = YES_ERROR;
				GCC_WARN_UNDECLARED_SELECTOR = YES;
				GCC_WARN_UNINITIALIZED_AUTOS = YES_AGGRESSIVE;
				GCC_WARN_UNUSED_FUNCTION = YES;
				GCC_WARN_UNUSED_VARIABLE = YES;
				IPHONEOS_DEPLOYMENT_TARGET = 16.2;
				MTL_ENABLE_DEBUG_INFO = NO;
				MTL_FAST_MATH = YES;
				SDKROOT = iphoneos;
				SWIFT_COMPILATION_MODE = wholemodule;
				SWIFT_OPTIMIZATION_LEVEL = "-O";
				VALIDATE_PRODUCT = YES;
			};
			name = Release;
		};
		840B4938297181BC00661857 /* Debug */ = {
			isa = XCBuildConfiguration;
			buildSettings = {
				ASSETCATALOG_COMPILER_APPICON_NAME = AppIcon;
				ASSETCATALOG_COMPILER_GLOBAL_ACCENT_COLOR_NAME = AccentColor;
				CODE_SIGN_STYLE = Automatic;
				CURRENT_PROJECT_VERSION = 1;
				DEVELOPMENT_TEAM = 23JT2Q6K2U;
				GENERATE_INFOPLIST_FILE = YES;
				INFOPLIST_FILE = "TechMasters-Homework3/Info.plist";
				INFOPLIST_KEY_UIApplicationSupportsIndirectInputEvents = YES;
				INFOPLIST_KEY_UILaunchStoryboardName = LaunchScreen;
				INFOPLIST_KEY_UIMainStoryboardFile = Main;
				INFOPLIST_KEY_UISupportedInterfaceOrientations_iPad = "UIInterfaceOrientationPortrait UIInterfaceOrientationPortraitUpsideDown UIInterfaceOrientationLandscapeLeft UIInterfaceOrientationLandscapeRight";
				INFOPLIST_KEY_UISupportedInterfaceOrientations_iPhone = "UIInterfaceOrientationPortrait UIInterfaceOrientationLandscapeLeft UIInterfaceOrientationLandscapeRight";
				LD_RUNPATH_SEARCH_PATHS = (
					"$(inherited)",
					"@executable_path/Frameworks",
				);
				MARKETING_VERSION = 1.0;
				PRODUCT_BUNDLE_IDENTIFIER = "cem.TechMasters-Homework3";
				PRODUCT_NAME = "$(TARGET_NAME)";
				SWIFT_EMIT_LOC_STRINGS = YES;
				SWIFT_VERSION = 5.0;
				TARGETED_DEVICE_FAMILY = "1,2";
			};
			name = Debug;
		};
		840B4939297181BC00661857 /* Release */ = {
			isa = XCBuildConfiguration;
			buildSettings = {
				ASSETCATALOG_COMPILER_APPICON_NAME = AppIcon;
				ASSETCATALOG_COMPILER_GLOBAL_ACCENT_COLOR_NAME = AccentColor;
				CODE_SIGN_STYLE = Automatic;
				CURRENT_PROJECT_VERSION = 1;
				DEVELOPMENT_TEAM = 23JT2Q6K2U;
				GENERATE_INFOPLIST_FILE = YES;
				INFOPLIST_FILE = "TechMasters-Homework3/Info.plist";
				INFOPLIST_KEY_UIApplicationSupportsIndirectInputEvents = YES;
				INFOPLIST_KEY_UILaunchStoryboardName = LaunchScreen;
				INFOPLIST_KEY_UIMainStoryboardFile = Main;
				INFOPLIST_KEY_UISupportedInterfaceOrientations_iPad = "UIInterfaceOrientationPortrait UIInterfaceOrientationPortraitUpsideDown UIInterfaceOrientationLandscapeLeft UIInterfaceOrientationLandscapeRight";
				INFOPLIST_KEY_UISupportedInterfaceOrientations_iPhone = "UIInterfaceOrientationPortrait UIInterfaceOrientationLandscapeLeft UIInterfaceOrientationLandscapeRight";
				LD_RUNPATH_SEARCH_PATHS = (
					"$(inherited)",
					"@executable_path/Frameworks",
				);
				MARKETING_VERSION = 1.0;
				PRODUCT_BUNDLE_IDENTIFIER = "cem.TechMasters-Homework3";
				PRODUCT_NAME = "$(TARGET_NAME)";
				SWIFT_EMIT_LOC_STRINGS = YES;
				SWIFT_VERSION = 5.0;
				TARGETED_DEVICE_FAMILY = "1,2";
			};
			name = Release;
		};
/* End XCBuildConfiguration section */

/* Begin XCConfigurationList section */
		840B491E297181BB00661857 /* Build configuration list for PBXProject "TechMasters-Homework3" */ = {
			isa = XCConfigurationList;
			buildConfigurations = (
				840B4935297181BC00661857 /* Debug */,
				840B4936297181BC00661857 /* Release */,
			);
			defaultConfigurationIsVisible = 0;
			defaultConfigurationName = Release;
		};
		840B4937297181BC00661857 /* Build configuration list for PBXNativeTarget "TechMasters-Homework3" */ = {
			isa = XCConfigurationList;
			buildConfigurations = (
				840B4938297181BC00661857 /* Debug */,
				840B4939297181BC00661857 /* Release */,
			);
			defaultConfigurationIsVisible = 0;
			defaultConfigurationName = Release;
		};
/* End XCConfigurationList section */
	};
	rootObject = 840B491B297181BB00661857 /* Project object */;
}
